{
  "requires": true,
  "lockfileVersion": 1,
  "dependencies": {
    "fsevents": {
      "version": "2.0.7",
      "resolved": "https://registry.npmjs.org/fsevents/-/fsevents-2.0.7.tgz",
      "integrity": "sha512-a7YT0SV3RB+DjYcppwVDLtn13UQnmg0SWZS7ezZD0UjnLwXmy8Zm21GMVGLaFGimIqcvyMQaOJBrop8MyOp1kQ=="
    },
    "mup": {
      "version": "0.11.3",
      "resolved": "https://registry.npmjs.org/mup/-/mup-0.11.3.tgz",
      "integrity": "sha1-CAwUvjKgUl76upB6RG4EXk1esOE=",
      "requires": {
        "archiver": "0.14.x",
        "async": "^0.9.0",
        "cjson": "0.3.x",
        "colors": "0.6.x",
        "nodemiral": "^1.1.1",
        "rimraf": "2.x.x",
        "underscore": "1.7.0",
        "uuid": "1.4.x"
      },
      "dependencies": {
        "archiver": {
          "version": "0.14.4",
          "resolved": "https://registry.npmjs.org/archiver/-/archiver-0.14.4.tgz",
          "integrity": "sha1-W53bn17hzu8hy487Ag5iQOy0MVw=",
          "requires": {
            "async": "~0.9.0",
            "buffer-crc32": "~0.2.1",
            "glob": "~4.3.0",
            "lazystream": "~0.1.0",
            "lodash": "~3.2.0",
            "readable-stream": "~1.0.26",
            "tar-stream": "~1.1.0",
            "zip-stream": "~0.5.0"
          },
          "dependencies": {
            "buffer-crc32": {
              "version": "0.2.5",
              "resolved": "https://registry.npmjs.org/buffer-crc32/-/buffer-crc32-0.2.5.tgz",
              "integrity": "sha1-2wA6wmceYuvW7OeOosLhtAVzbpE="
            },
            "glob": {
              "version": "4.3.5",
              "resolved": "https://registry.npmjs.org/glob/-/glob-4.3.5.tgz",
              "integrity": "sha1-gPuwjKVA8jiszl0R0em8QedRc9M=",
              "requires": {
                "inflight": "^1.0.4",
                "inherits": "2",
                "minimatch": "^2.0.1",
                "once": "^1.3.0"
              },
              "dependencies": {
                "inflight": {
                  "version": "1.0.4",
                  "resolved": "https://registry.npmjs.org/inflight/-/inflight-1.0.4.tgz",
                  "integrity": "sha1-bLtFIevVHODsCpNr/XZX736bFyo=",
                  "requires": {
                    "once": "^1.3.0",
                    "wrappy": "1"
                  },
                  "dependencies": {
                    "wrappy": {
                      "version": "1.0.1",
                      "resolved": "https://registry.npmjs.org/wrappy/-/wrappy-1.0.1.tgz",
                      "integrity": "sha1-HmWWmWXMvC20VIxrhKbyxa7dRzk="
                    }
                  }
                },
                "inherits": {
                  "version": "2.0.1",
                  "resolved": "https://registry.npmjs.org/inherits/-/inherits-2.0.1.tgz",
                  "integrity": "sha1-sX0I0ya0Qj5Wjv9xn5GwscvfafE="
                },
                "minimatch": {
                  "version": "2.0.10",
                  "resolved": "https://registry.npmjs.org/minimatch/-/minimatch-2.0.10.tgz",
                  "integrity": "sha1-jQh8OcazjAAbl/ynzm0OHoCvusc=",
                  "requires": {
                    "brace-expansion": "^1.0.0"
                  },
                  "dependencies": {
                    "brace-expansion": {
                      "version": "1.1.3",
                      "resolved": "https://registry.npmjs.org/brace-expansion/-/brace-expansion-1.1.3.tgz",
                      "integrity": "sha1-Rr/1ARXUf8mriYVKu4fZgHihCZE=",
                      "requires": {
                        "balanced-match": "^0.3.0",
                        "concat-map": "0.0.1"
                      },
                      "dependencies": {
                        "balanced-match": {
                          "version": "0.3.0",
                          "resolved": "https://registry.npmjs.org/balanced-match/-/balanced-match-0.3.0.tgz",
                          "integrity": "sha1-qRzdHr7xqGZZ5w/03vAWJfwtZ1Y="
                        },
                        "concat-map": {
                          "version": "0.0.1",
                          "resolved": "https://registry.npmjs.org/concat-map/-/concat-map-0.0.1.tgz",
                          "integrity": "sha1-2Klr13/Wjfd5OnMDajug1UBdR3s="
                        }
                      }
                    }
                  }
                },
                "once": {
                  "version": "1.3.3",
                  "resolved": "https://registry.npmjs.org/once/-/once-1.3.3.tgz",
                  "integrity": "sha1-suJhVXzkwxTsgwTz+oJmPkKXyiA=",
                  "requires": {
                    "wrappy": "1"
                  },
                  "dependencies": {
                    "wrappy": {
                      "version": "1.0.1",
                      "resolved": "https://registry.npmjs.org/wrappy/-/wrappy-1.0.1.tgz",
                      "integrity": "sha1-HmWWmWXMvC20VIxrhKbyxa7dRzk="
                    }
                  }
                }
              }
            },
            "lazystream": {
              "version": "0.1.0",
              "resolved": "https://registry.npmjs.org/lazystream/-/lazystream-0.1.0.tgz",
              "integrity": "sha1-GyXWPHcqTCDwpe0KnXf0hLbhaSA=",
              "requires": {
                "readable-stream": "~1.0.2"
              }
            },
            "lodash": {
              "version": "3.2.0",
              "resolved": "https://registry.npmjs.org/lodash/-/lodash-3.2.0.tgz",
              "integrity": "sha1-S/UKMkP5rrC6xBpV09WZBnWkYvs="
            },
            "readable-stream": {
              "version": "1.0.33",
              "resolved": "https://registry.npmjs.org/readable-stream/-/readable-stream-1.0.33.tgz",
              "integrity": "sha1-OjYN1mwbHX/UcFOJhg7aHQ9hEmw=",
              "requires": {
                "core-util-is": "~1.0.0",
                "inherits": "~2.0.1",
                "isarray": "0.0.1",
                "string_decoder": "~0.10.x"
              },
              "dependencies": {
                "core-util-is": {
                  "version": "1.0.2",
                  "resolved": "https://registry.npmjs.org/core-util-is/-/core-util-is-1.0.2.tgz",
                  "integrity": "sha1-tf1UIgqivFq1eqtxQMlAdUUDwac="
                },
                "inherits": {
                  "version": "2.0.1",
                  "resolved": "https://registry.npmjs.org/inherits/-/inherits-2.0.1.tgz",
                  "integrity": "sha1-sX0I0ya0Qj5Wjv9xn5GwscvfafE="
                },
                "isarray": {
                  "version": "0.0.1",
                  "resolved": "https://registry.npmjs.org/isarray/-/isarray-0.0.1.tgz",
                  "integrity": "sha1-ihis/Kmo9Bd+Cav8YDiTmwXR7t8="
                },
                "string_decoder": {
                  "version": "0.10.31",
                  "resolved": "https://registry.npmjs.org/string_decoder/-/string_decoder-0.10.31.tgz",
                  "integrity": "sha1-YuIDvEF2bGwoyfyEMB2rHFMQ+pQ="
                }
              }
            },
            "tar-stream": {
              "version": "1.1.5",
              "resolved": "https://registry.npmjs.org/tar-stream/-/tar-stream-1.1.5.tgz",
              "integrity": "sha1-vpIYwTDCACnhB7D5Z/sj3gV50Tw=",
              "requires": {
                "bl": "^0.9.0",
                "end-of-stream": "^1.0.0",
                "readable-stream": "~1.0.33",
                "xtend": "^4.0.0"
              },
              "dependencies": {
                "bl": {
                  "version": "0.9.5",
                  "resolved": "https://registry.npmjs.org/bl/-/bl-0.9.5.tgz",
                  "integrity": "sha1-wGt5evCF6gC8Unr8jvzxHeIjIFQ=",
                  "requires": {
                    "readable-stream": "~1.0.26"
                  }
                },
                "end-of-stream": {
                  "version": "1.1.0",
                  "resolved": "https://registry.npmjs.org/end-of-stream/-/end-of-stream-1.1.0.tgz",
                  "integrity": "sha1-6TUyWLqpEIll78QcsO+K3i88+wc=",
                  "requires": {
                    "once": "~1.3.0"
                  },
                  "dependencies": {
                    "once": {
                      "version": "1.3.3",
                      "resolved": "https://registry.npmjs.org/once/-/once-1.3.3.tgz",
                      "integrity": "sha1-suJhVXzkwxTsgwTz+oJmPkKXyiA=",
                      "requires": {
                        "wrappy": "1"
                      },
                      "dependencies": {
                        "wrappy": {
                          "version": "1.0.1",
                          "resolved": "https://registry.npmjs.org/wrappy/-/wrappy-1.0.1.tgz",
                          "integrity": "sha1-HmWWmWXMvC20VIxrhKbyxa7dRzk="
                        }
                      }
                    }
                  }
                },
                "xtend": {
                  "version": "4.0.1",
                  "resolved": "https://registry.npmjs.org/xtend/-/xtend-4.0.1.tgz",
                  "integrity": "sha1-pcbVMr5lbiPbgg77lDofBJmNY68="
                }
              }
            },
            "zip-stream": {
              "version": "0.5.2",
              "resolved": "https://registry.npmjs.org/zip-stream/-/zip-stream-0.5.2.tgz",
              "integrity": "sha1-Mty8UG0Nq00hNyYlvX66rDwv/1Y=",
              "requires": {
                "compress-commons": "~0.2.0",
                "lodash": "~3.2.0",
                "readable-stream": "~1.0.26"
              },
              "dependencies": {
                "compress-commons": {
                  "version": "0.2.9",
                  "resolved": "https://registry.npmjs.org/compress-commons/-/compress-commons-0.2.9.tgz",
                  "integrity": "sha1-Qi2SdDDAGr0GzUVbbfwEy0z4ADw=",
                  "requires": {
                    "buffer-crc32": "~0.2.1",
                    "crc32-stream": "~0.3.1",
                    "node-int64": "~0.3.0",
                    "readable-stream": "~1.0.26"
                  },
                  "dependencies": {
                    "crc32-stream": {
                      "version": "0.3.4",
                      "resolved": "https://registry.npmjs.org/crc32-stream/-/crc32-stream-0.3.4.tgz",
                      "integrity": "sha1-c7wltF+sHbZjIjGnv86JJ+nwZVI=",
                      "requires": {
                        "buffer-crc32": "~0.2.1",
                        "readable-stream": "~1.0.24"
                      }
                    },
                    "node-int64": {
                      "version": "0.3.3",
                      "resolved": "https://registry.npmjs.org/node-int64/-/node-int64-0.3.3.tgz",
                      "integrity": "sha1-LW5rLs5d6FiLQ9iNG8QbJs0fqE0="
                    }
                  }
                }
              }
            }
          }
        },
        "async": {
          "version": "0.9.2",
          "resolved": "https://registry.npmjs.org/async/-/async-0.9.2.tgz",
          "integrity": "sha1-rqdNXmHB+JlhO/ZL2mbUx48v0X0="
        },
        "cjson": {
          "version": "0.3.3",
          "resolved": "https://registry.npmjs.org/cjson/-/cjson-0.3.3.tgz",
          "integrity": "sha1-qS2ceG5b+bkwgGMp7gXV0yYbSvo=",
          "requires": {
            "json-parse-helpfulerror": "^1.0.3"
          },
          "dependencies": {
            "json-parse-helpfulerror": {
              "version": "1.0.3",
              "resolved": "https://registry.npmjs.org/json-parse-helpfulerror/-/json-parse-helpfulerror-1.0.3.tgz",
              "integrity": "sha1-E/FM4C7tTpgSl7ZOueO5MuLdE9w=",
              "requires": {
                "jju": "^1.1.0"
              },
              "dependencies": {
                "jju": {
                  "version": "1.3.0",
                  "resolved": "https://registry.npmjs.org/jju/-/jju-1.3.0.tgz",
                  "integrity": "sha1-2t2e8BkkvHKLA/L3l5vb1i96Kqo="
                }
              }
            }
          }
        },
        "colors": {
          "version": "0.6.2",
          "resolved": "https://registry.npmjs.org/colors/-/colors-0.6.2.tgz",
          "integrity": "sha1-JCP+ZnisDF2uiFLl0OW+CMmXq8w="
        },
        "nodemiral": {
          "version": "1.1.1",
          "resolved": "https://registry.npmjs.org/nodemiral/-/nodemiral-1.1.1.tgz",
          "integrity": "sha1-FV8Mx+aPfhwXsfhQ1sVbt+F12OQ=",
          "requires": {
            "async": "0.9.0",
            "colors": "0.6.x",
            "debug": "0.7.x",
            "ejs": "0.8.x",
            "progress": "1.1.5",
            "ssh2": "0.4.6",
            "underscore": "1.8.x"
          },
          "dependencies": {
            "async": {
              "version": "0.9.0",
              "resolved": "https://registry.npmjs.org/async/-/async-0.9.0.tgz",
              "integrity": "sha1-rDYTsdqb7RtHUQu0ZRuJMeRxRsc="
            },
            "debug": {
              "version": "0.7.4",
              "resolved": "https://registry.npmjs.org/debug/-/debug-0.7.4.tgz",
              "integrity": "sha1-BuHqgILCyxTjmAbiLi9vdX+Srzk="
            },
            "ejs": {
              "version": "0.8.8",
              "resolved": "https://registry.npmjs.org/ejs/-/ejs-0.8.8.tgz",
              "integrity": "sha1-/9xW3MNdApJt1QrRNDm7xUBh1Zg="
            },
            "progress": {
              "version": "1.1.5",
              "resolved": "https://registry.npmjs.org/progress/-/progress-1.1.5.tgz",
              "integrity": "sha1-CVSyWqNhMueyZMZ8OI8HORmzh9A="
            },
            "ssh2": {
              "version": "0.4.6",
              "resolved": "https://registry.npmjs.org/ssh2/-/ssh2-0.4.6.tgz",
              "integrity": "sha1-0NLMNyqsYQv0plVF/gFiMx4mUJ0=",
              "requires": {
                "readable-stream": "~1.0.0",
                "ssh2-streams": "~0.0.5"
              },
              "dependencies": {
                "readable-stream": {
                  "version": "1.0.33",
                  "resolved": "https://registry.npmjs.org/readable-stream/-/readable-stream-1.0.33.tgz",
                  "integrity": "sha1-OjYN1mwbHX/UcFOJhg7aHQ9hEmw=",
                  "requires": {
                    "core-util-is": "~1.0.0",
                    "inherits": "~2.0.1",
                    "isarray": "0.0.1",
                    "string_decoder": "~0.10.x"
                  },
                  "dependencies": {
                    "core-util-is": {
                      "version": "1.0.2",
                      "resolved": "https://registry.npmjs.org/core-util-is/-/core-util-is-1.0.2.tgz",
                      "integrity": "sha1-tf1UIgqivFq1eqtxQMlAdUUDwac="
                    },
                    "inherits": {
                      "version": "2.0.1",
                      "resolved": "https://registry.npmjs.org/inherits/-/inherits-2.0.1.tgz",
                      "integrity": "sha1-sX0I0ya0Qj5Wjv9xn5GwscvfafE="
                    },
                    "isarray": {
                      "version": "0.0.1",
                      "resolved": "https://registry.npmjs.org/isarray/-/isarray-0.0.1.tgz",
                      "integrity": "sha1-ihis/Kmo9Bd+Cav8YDiTmwXR7t8="
                    },
                    "string_decoder": {
                      "version": "0.10.31",
                      "resolved": "https://registry.npmjs.org/string_decoder/-/string_decoder-0.10.31.tgz",
                      "integrity": "sha1-YuIDvEF2bGwoyfyEMB2rHFMQ+pQ="
                    }
                  }
                },
                "ssh2-streams": {
                  "version": "0.0.23",
                  "resolved": "https://registry.npmjs.org/ssh2-streams/-/ssh2-streams-0.0.23.tgz",
                  "integrity": "sha1-ru8wgxu1/Er2qj9tCiYaQTUxYSs=",
                  "requires": {
                    "asn1": "~0.2.0",
                    "readable-stream": "~1.0.0",
                    "streamsearch": "~0.1.2"
                  },
                  "dependencies": {
                    "asn1": {
                      "version": "0.2.3",
                      "resolved": "https://registry.npmjs.org/asn1/-/asn1-0.2.3.tgz",
                      "integrity": "sha1-2sh4dxPJlmhJ/IGAd36+nB3fO4Y="
                    },
                    "streamsearch": {
                      "version": "0.1.2",
                      "resolved": "https://registry.npmjs.org/streamsearch/-/streamsearch-0.1.2.tgz",
                      "integrity": "sha1-gIudDlb8Jz2Am6VzOOkpkZoanxo="
                    }
                  }
                }
              }
            },
            "underscore": {
              "version": "1.8.3",
              "resolved": "https://registry.npmjs.org/underscore/-/underscore-1.8.3.tgz",
              "integrity": "sha1-Tz+1OxBuYJf8+ctBCfKl6b36UCI="
            }
          }
        },
        "rimraf": {
          "version": "2.5.2",
          "resolved": "https://registry.npmjs.org/rimraf/-/rimraf-2.5.2.tgz",
          "integrity": "sha1-YrqUf6TAtDY4Oa7+zU8PutYFlyY=",
          "requires": {
            "glob": "^7.0.0"
          },
          "dependencies": {
            "glob": {
              "version": "7.0.3",
              "resolved": "https://registry.npmjs.org/glob/-/glob-7.0.3.tgz",
              "integrity": "sha1-CqI1kxpKlqwT1g/6wvuHe9btT1g=",
              "requires": {
                "inflight": "^1.0.4",
                "inherits": "2",
                "minimatch": "2 || 3",
                "once": "^1.3.0",
                "path-is-absolute": "^1.0.0"
              },
              "dependencies": {
                "inflight": {
                  "version": "1.0.4",
                  "resolved": "https://registry.npmjs.org/inflight/-/inflight-1.0.4.tgz",
                  "integrity": "sha1-bLtFIevVHODsCpNr/XZX736bFyo=",
                  "requires": {
                    "once": "^1.3.0",
                    "wrappy": "1"
                  },
                  "dependencies": {
                    "wrappy": {
                      "version": "1.0.1",
                      "resolved": "https://registry.npmjs.org/wrappy/-/wrappy-1.0.1.tgz",
                      "integrity": "sha1-HmWWmWXMvC20VIxrhKbyxa7dRzk="
                    }
                  }
                },
                "inherits": {
                  "version": "2.0.1",
                  "resolved": "https://registry.npmjs.org/inherits/-/inherits-2.0.1.tgz",
                  "integrity": "sha1-sX0I0ya0Qj5Wjv9xn5GwscvfafE="
                },
                "minimatch": {
                  "version": "3.0.0",
                  "resolved": "https://registry.npmjs.org/minimatch/-/minimatch-3.0.0.tgz",
                  "integrity": "sha1-UjYVelHk8ATBd/s8Un/33Xjw74M=",
                  "requires": {
                    "brace-expansion": "^1.0.0"
                  },
                  "dependencies": {
                    "brace-expansion": {
                      "version": "1.1.3",
                      "resolved": "https://registry.npmjs.org/brace-expansion/-/brace-expansion-1.1.3.tgz",
                      "integrity": "sha1-Rr/1ARXUf8mriYVKu4fZgHihCZE=",
                      "requires": {
                        "balanced-match": "^0.3.0",
                        "concat-map": "0.0.1"
                      },
                      "dependencies": {
                        "balanced-match": {
                          "version": "0.3.0",
                          "resolved": "https://registry.npmjs.org/balanced-match/-/balanced-match-0.3.0.tgz",
                          "integrity": "sha1-qRzdHr7xqGZZ5w/03vAWJfwtZ1Y="
                        },
                        "concat-map": {
                          "version": "0.0.1",
                          "resolved": "https://registry.npmjs.org/concat-map/-/concat-map-0.0.1.tgz",
                          "integrity": "sha1-2Klr13/Wjfd5OnMDajug1UBdR3s="
                        }
                      }
                    }
                  }
                },
                "once": {
                  "version": "1.3.3",
                  "resolved": "https://registry.npmjs.org/once/-/once-1.3.3.tgz",
                  "integrity": "sha1-suJhVXzkwxTsgwTz+oJmPkKXyiA=",
                  "requires": {
                    "wrappy": "1"
                  },
                  "dependencies": {
                    "wrappy": {
                      "version": "1.0.1",
                      "resolved": "https://registry.npmjs.org/wrappy/-/wrappy-1.0.1.tgz",
                      "integrity": "sha1-HmWWmWXMvC20VIxrhKbyxa7dRzk="
                    }
                  }
                },
                "path-is-absolute": {
                  "version": "1.0.0",
                  "resolved": "https://registry.npmjs.org/path-is-absolute/-/path-is-absolute-1.0.0.tgz",
                  "integrity": "sha1-Jj2tpmqz8vsQv3+dJN2PPlcO+RI="
                }
              }
            }
          }
        },
        "underscore": {
          "version": "1.7.0",
          "resolved": "https://registry.npmjs.org/underscore/-/underscore-1.7.0.tgz",
          "integrity": "sha1-a7rwh3UA02vjTsqlhODbn+8DUgk="
        },
        "uuid": {
          "version": "1.4.2",
          "resolved": "https://registry.npmjs.org/uuid/-/uuid-1.4.2.tgz",
          "integrity": "sha1-RTAZ9oaWam34PNxSROfJkOzDMvw="
        }
      }
    }
  }
}
